
Microsoft Visual Studio Solution File, Format Version 12.00
# Visual Studio Version 17
VisualStudioVersion = 17.1.32328.378
MinimumVisualStudioVersion = 10.0.40219.1
Project("{E24C65DC-7377-472B-9ABA-BC803B73C61A}") = "TP6_Juarez_Enzo", "TP6_Juarez_Enzo\", "{6A47ADA6-3E88-4C92-8936-B7A29E55969D}"
	ProjectSection(WebsiteProperties) = preProject
		TargetFrameworkMoniker = ".NETFramework,Version%3Dv4.7.2"
		Debug.AspNetCompiler.VirtualPath = "/localhost_49348"
		Debug.AspNetCompiler.PhysicalPath = "TP6_Juarez_Enzo\"
		Debug.AspNetCompiler.TargetPath = "PrecompiledWeb\localhost_49348\"
		Debug.AspNetCompiler.Updateable = "true"
		Debug.AspNetCompiler.ForceOverwrite = "true"
		Debug.AspNetCompiler.FixedNames = "false"
		Debug.AspNetCompiler.Debug = "True"
		Release.AspNetCompiler.VirtualPath = "/localhost_49348"
		Release.AspNetCompiler.PhysicalPath = "TP6_Juarez_Enzo\"
		Release.AspNetCompiler.TargetPath = "PrecompiledWeb\localhost_49348\"
		Release.AspNetCompiler.Updateable = "true"
		Release.AspNetCompiler.ForceOverwrite = "true"
		Release.AspNetCompiler.FixedNames = "false"
		Release.AspNetCompiler.Debug = "False"
		VWDPort = "49348"
		SlnRelativePath = "TP6_Juarez_Enzo\"
		DefaultWebSiteLanguage = "Visual C#"
	EndProjectSection
EndProject
Global
	GlobalSection(SolutionConfigurationPlatforms) = preSolution
		Debug|Any CPU = Debug|Any CPU
	EndGlobalSection
	GlobalSection(ProjectConfigurationPlatforms) = postSolution
		{6A47ADA6-3E88-4C92-8936-B7A29E55969D}.Debug|Any CPU.ActiveCfg = Debug|Any CPU
		{6A47ADA6-3E88-4C92-8936-B7A29E55969D}.Debug|Any CPU.Build.0 = Debug|Any CPU
	EndGlobalSection
	GlobalSection(SolutionProperties) = preSolution
		HideSolutionNode = FALSE
	EndGlobalSection
	GlobalSection(ExtensibilityGlobals) = postSolution
		SolutionGuid = {C939E73B-02DC-471F-B1FB-BD9CCB98CFE3}
	EndGlobalSection
EndGlobal
