
Microsoft Visual Studio Solution File, Format Version 12.00
# Visual Studio Version 16
VisualStudioVersion = 16.0.31729.503
MinimumVisualStudioVersion = 10.0.40219.1
Project("{FAE04EC0-301F-11D3-BF4B-00C04F79EFBC}") = "TP2_Estructura_Case_Semana_Juarez_Enzo", "TP2_Estructura_Case_Semana_Juarez_Enzo\TP2_Estructura_Case_Semana_Juarez_Enzo.csproj", "{F028A8BA-3468-4BC1-8895-F5F27C1D1D13}"
EndProject
Global
	GlobalSection(SolutionConfigurationPlatforms) = preSolution
		Debug|Any CPU = Debug|Any CPU
		Release|Any CPU = Release|Any CPU
	EndGlobalSection
	GlobalSection(ProjectConfigurationPlatforms) = postSolution
		{F028A8BA-3468-4BC1-8895-F5F27C1D1D13}.Debug|Any CPU.ActiveCfg = Debug|Any CPU
		{F028A8BA-3468-4BC1-8895-F5F27C1D1D13}.Debug|Any CPU.Build.0 = Debug|Any CPU
		{F028A8BA-3468-4BC1-8895-F5F27C1D1D13}.Release|Any CPU.ActiveCfg = Release|Any CPU
		{F028A8BA-3468-4BC1-8895-F5F27C1D1D13}.Release|Any CPU.Build.0 = Release|Any CPU
	EndGlobalSection
	GlobalSection(SolutionProperties) = preSolution
		HideSolutionNode = FALSE
	EndGlobalSection
	GlobalSection(ExtensibilityGlobals) = postSolution
		SolutionGuid = {FACEBC31-E5E5-433F-9F28-FF9463C11B2E}
	EndGlobalSection
EndGlobal
