
Microsoft Visual Studio Solution File, Format Version 12.00
# Visual Studio Version 16
VisualStudioVersion = 16.0.31729.503
MinimumVisualStudioVersion = 10.0.40219.1
Project("{FAE04EC0-301F-11D3-BF4B-00C04F79EFBC}") = "TP2_Juarez_Enzo", "TP2_Juarez_Enzo\TP2_Juarez_Enzo.csproj", "{EC80A631-1719-452E-8B7D-D4585F05DEFF}"
EndProject
Global
	GlobalSection(SolutionConfigurationPlatforms) = preSolution
		Debug|Any CPU = Debug|Any CPU
		Release|Any CPU = Release|Any CPU
	EndGlobalSection
	GlobalSection(ProjectConfigurationPlatforms) = postSolution
		{EC80A631-1719-452E-8B7D-D4585F05DEFF}.Debug|Any CPU.ActiveCfg = Debug|Any CPU
		{EC80A631-1719-452E-8B7D-D4585F05DEFF}.Debug|Any CPU.Build.0 = Debug|Any CPU
		{EC80A631-1719-452E-8B7D-D4585F05DEFF}.Release|Any CPU.ActiveCfg = Release|Any CPU
		{EC80A631-1719-452E-8B7D-D4585F05DEFF}.Release|Any CPU.Build.0 = Release|Any CPU
	EndGlobalSection
	GlobalSection(SolutionProperties) = preSolution
		HideSolutionNode = FALSE
	EndGlobalSection
	GlobalSection(ExtensibilityGlobals) = postSolution
		SolutionGuid = {B6A2AC38-2107-4BD6-942D-8B208AFD3D85}
	EndGlobalSection
EndGlobal
