
Microsoft Visual Studio Solution File, Format Version 12.00
# Visual Studio Version 17
VisualStudioVersion = 17.1.32328.378
MinimumVisualStudioVersion = 10.0.40219.1
Project("{E24C65DC-7377-472B-9ABA-BC803B73C61A}") = "Parcial2_Juarez Velazquez Enzo Jesus", "Parcial2_Juarez Velazquez Enzo Jesus\", "{1A3CEFC2-EC61-4E4D-8AF6-BED28D3BCBDD}"
	ProjectSection(WebsiteProperties) = preProject
		TargetFrameworkMoniker = ".NETFramework,Version%3Dv4.7.2"
		Debug.AspNetCompiler.VirtualPath = "/localhost_49903"
		Debug.AspNetCompiler.PhysicalPath = "Parcial2_Juarez Velazquez Enzo Jesus\"
		Debug.AspNetCompiler.TargetPath = "PrecompiledWeb\localhost_49903\"
		Debug.AspNetCompiler.Updateable = "true"
		Debug.AspNetCompiler.ForceOverwrite = "true"
		Debug.AspNetCompiler.FixedNames = "false"
		Debug.AspNetCompiler.Debug = "True"
		Release.AspNetCompiler.VirtualPath = "/localhost_49903"
		Release.AspNetCompiler.PhysicalPath = "Parcial2_Juarez Velazquez Enzo Jesus\"
		Release.AspNetCompiler.TargetPath = "PrecompiledWeb\localhost_49903\"
		Release.AspNetCompiler.Updateable = "true"
		Release.AspNetCompiler.ForceOverwrite = "true"
		Release.AspNetCompiler.FixedNames = "false"
		Release.AspNetCompiler.Debug = "False"
		VWDPort = "49903"
		SlnRelativePath = "Parcial2_Juarez Velazquez Enzo Jesus\"
		DefaultWebSiteLanguage = "Visual C#"
	EndProjectSection
EndProject
Global
	GlobalSection(SolutionConfigurationPlatforms) = preSolution
		Debug|Any CPU = Debug|Any CPU
	EndGlobalSection
	GlobalSection(ProjectConfigurationPlatforms) = postSolution
		{1A3CEFC2-EC61-4E4D-8AF6-BED28D3BCBDD}.Debug|Any CPU.ActiveCfg = Debug|Any CPU
		{1A3CEFC2-EC61-4E4D-8AF6-BED28D3BCBDD}.Debug|Any CPU.Build.0 = Debug|Any CPU
	EndGlobalSection
	GlobalSection(SolutionProperties) = preSolution
		HideSolutionNode = FALSE
	EndGlobalSection
	GlobalSection(ExtensibilityGlobals) = postSolution
		SolutionGuid = {11813C4A-A581-4B97-8162-C1246F863DAB}
	EndGlobalSection
EndGlobal
